// !$*UTF8*$!
{
	archiveVersion = 1;
	classes = {
	};
	objectVersion = 46;
	objects = {

/* Begin PBXBuildFile section */
		0F069C61195F102800B9BEB8 /* Foundation.framework in Frameworks */ = {isa = PBXBuildFile; fileRef = 0F069C60195F102800B9BEB8 /* Foundation.framework */; };
		0F069C63195F102800B9BEB8 /* CoreGraphics.framework in Frameworks */ = {isa = PBXBuildFile; fileRef = 0F069C62195F102800B9BEB8 /* CoreGraphics.framework */; };
		0F069C65195F102800B9BEB8 /* UIKit.framework in Frameworks */ = {isa = PBXBuildFile; fileRef = 0F069C64195F102800B9BEB8 /* UIKit.framework */; };
		0F069C6B195F102800B9BEB8 /* InfoPlist.strings in Resources */ = {isa = PBXBuildFile; fileRef = 0F069C69195F102800B9BEB8 /* InfoPlist.strings */; };
		0F069C6D195F102800B9BEB8 /* main.m in Sources */ = {isa = PBXBuildFile; fileRef = 0F069C6C195F102800B9BEB8 /* main.m */; };
		0F069C71195F102800B9BEB8 /* PGAppDelegate.m in Sources */ = {isa = PBXBuildFile; fileRef = 0F069C70195F102800B9BEB8 /* PGAppDelegate.m */; };
		0F069C73195F102800B9BEB8 /* Images.xcassets in Resources */ = {isa = PBXBuildFile; fileRef = 0F069C72195F102800B9BEB8 /* Images.xcassets */; };
		0F069C7A195F102800B9BEB8 /* XCTest.framework in Frameworks */ = {isa = PBXBuildFile; fileRef = 0F069C79195F102800B9BEB8 /* XCTest.framework */; };
		0F069C7B195F102800B9BEB8 /* Foundation.framework in Frameworks */ = {isa = PBXBuildFile; fileRef = 0F069C60195F102800B9BEB8 /* Foundation.framework */; };
		0F069C7C195F102800B9BEB8 /* UIKit.framework in Frameworks */ = {isa = PBXBuildFile; fileRef = 0F069C64195F102800B9BEB8 /* UIKit.framework */; };
		0F069C84195F102800B9BEB8 /* InfoPlist.strings in Resources */ = {isa = PBXBuildFile; fileRef = 0F069C82195F102800B9BEB8 /* InfoPlist.strings */; };
		0F069C86195F102800B9BEB8 /* PGAutoLayoutTests.m in Sources */ = {isa = PBXBuildFile; fileRef = 0F069C85195F102800B9BEB8 /* PGAutoLayoutTests.m */; };
		0F069C91195F11EB00B9BEB8 /* MainLayout.storyboard in Resources */ = {isa = PBXBuildFile; fileRef = 0F069C90195F11EB00B9BEB8 /* MainLayout.storyboard */; };
		0F069C94195F13B000B9BEB8 /* PGMainMenuTableViewController.m in Sources */ = {isa = PBXBuildFile; fileRef = 0F069C93195F13B000B9BEB8 /* PGMainMenuTableViewController.m */; };
		0F069C98195F1C7E00B9BEB8 /* PGRelativeSBViewController.m in Sources */ = {isa = PBXBuildFile; fileRef = 0F069C97195F1C7E00B9BEB8 /* PGRelativeSBViewController.m */; };
/* End PBXBuildFile section */

/* Begin PBXContainerItemProxy section */
		0F069C7D195F102800B9BEB8 /* PBXContainerItemProxy */ = {
			isa = PBXContainerItemProxy;
			containerPortal = 0F069C55195F102800B9BEB8 /* Project object */;
			proxyType = 1;
			remoteGlobalIDString = 0F069C5C195F102800B9BEB8;
			remoteInfo = PGAutoLayout;
		};
/* End PBXContainerItemProxy section */

/* Begin PBXFileReference section */
		0F069C5D195F102800B9BEB8 /* PGAutoLayout.app */ = {isa = PBXFileReference; explicitFileType = wrapper.application; includeInIndex = 0; path = PGAutoLayout.app; sourceTree = BUILT_PRODUCTS_DIR; };
		0F069C60195F102800B9BEB8 /* Foundation.framework */ = {isa = PBXFileReference; lastKnownFileType = wrapper.framework; name = Foundation.framework; path = System/Library/Frameworks/Foundation.framework; sourceTree = SDKROOT; };
		0F069C62195F102800B9BEB8 /* CoreGraphics.framework */ = {isa = PBXFileReference; lastKnownFileType = wrapper.framework; name = CoreGraphics.framework; path = System/Library/Frameworks/CoreGraphics.framework; sourceTree = SDKROOT; };
		0F069C64195F102800B9BEB8 /* UIKit.framework */ = {isa = PBXFileReference; lastKnownFileType = wrapper.framework; name = UIKit.framework; path = System/Library/Frameworks/UIKit.framework; sourceTree = SDKROOT; };
		0F069C68195F102800B9BEB8 /* PGAutoLayout-Info.plist */ = {isa = PBXFileReference; lastKnownFileType = text.plist.xml; path = "PGAutoLayout-Info.plist"; sourceTree = "<group>"; };
		0F069C6A195F102800B9BEB8 /* en */ = {isa = PBXFileReference; lastKnownFileType = text.plist.strings; name = en; path = en.lproj/InfoPlist.strings; sourceTree = "<group>"; };
		0F069C6C195F102800B9BEB8 /* main.m */ = {isa = PBXFileReference; lastKnownFileType = sourcecode.c.objc; path = main.m; sourceTree = "<group>"; };
		0F069C6E195F102800B9BEB8 /* PGAutoLayout-Prefix.pch */ = {isa = PBXFileReference; lastKnownFileType = sourcecode.c.h; path = "PGAutoLayout-Prefix.pch"; sourceTree = "<group>"; };
		0F069C6F195F102800B9BEB8 /* PGAppDelegate.h */ = {isa = PBXFileReference; lastKnownFileType = sourcecode.c.h; path = PGAppDelegate.h; sourceTree = "<group>"; };
		0F069C70195F102800B9BEB8 /* PGAppDelegate.m */ = {isa = PBXFileReference; lastKnownFileType = sourcecode.c.objc; path = PGAppDelegate.m; sourceTree = "<group>"; };
		0F069C72195F102800B9BEB8 /* Images.xcassets */ = {isa = PBXFileReference; lastKnownFileType = folder.assetcatalog; path = Images.xcassets; sourceTree = "<group>"; };
		0F069C78195F102800B9BEB8 /* PGAutoLayoutTests.xctest */ = {isa = PBXFileReference; explicitFileType = wrapper.cfbundle; includeInIndex = 0; path = PGAutoLayoutTests.xctest; sourceTree = BUILT_PRODUCTS_DIR; };
		0F069C79195F102800B9BEB8 /* XCTest.framework */ = {isa = PBXFileReference; lastKnownFileType = wrapper.framework; name = XCTest.framework; path = Library/Frameworks/XCTest.framework; sourceTree = DEVELOPER_DIR; };
		0F069C81195F102800B9BEB8 /* PGAutoLayoutTests-Info.plist */ = {isa = PBXFileReference; lastKnownFileType = text.plist.xml; path = "PGAutoLayoutTests-Info.plist"; sourceTree = "<group>"; };
		0F069C83195F102800B9BEB8 /* en */ = {isa = PBXFileReference; lastKnownFileType = text.plist.strings; name = en; path = en.lproj/InfoPlist.strings; sourceTree = "<group>"; };
		0F069C85195F102800B9BEB8 /* PGAutoLayoutTests.m */ = {isa = PBXFileReference; lastKnownFileType = sourcecode.c.objc; path = PGAutoLayoutTests.m; sourceTree = "<group>"; };
		0F069C90195F11EB00B9BEB8 /* MainLayout.storyboard */ = {isa = PBXFileReference; fileEncoding = 4; lastKnownFileType = file.storyboard; path = MainLayout.storyboard; sourceTree = "<group>"; };
		0F069C92195F13B000B9BEB8 /* PGMainMenuTableViewController.h */ = {isa = PBXFileReference; fileEncoding = 4; lastKnownFileType = sourcecode.c.h; path = PGMainMenuTableViewController.h; sourceTree = "<group>"; };
		0F069C93195F13B000B9BEB8 /* PGMainMenuTableViewController.m */ = {isa = PBXFileReference; fileEncoding = 4; lastKnownFileType = sourcecode.c.objc; path = PGMainMenuTableViewController.m; sourceTree = "<group>"; };
		0F069C96195F1C7E00B9BEB8 /* PGRelativeSBViewController.h */ = {isa = PBXFileReference; fileEncoding = 4; lastKnownFileType = sourcecode.c.h; path = PGRelativeSBViewController.h; sourceTree = "<group>"; };
		0F069C97195F1C7E00B9BEB8 /* PGRelativeSBViewController.m */ = {isa = PBXFileReference; fileEncoding = 4; lastKnownFileType = sourcecode.c.objc; path = PGRelativeSBViewController.m; sourceTree = "<group>"; };
/* End PBXFileReference section */

/* Begin PBXFrameworksBuildPhase section */
		0F069C5A195F102800B9BEB8 /* Frameworks */ = {
			isa = PBXFrameworksBuildPhase;
			buildActionMask = 2147483647;
			files = (
				0F069C63195F102800B9BEB8 /* CoreGraphics.framework in Frameworks */,
				0F069C65195F102800B9BEB8 /* UIKit.framework in Frameworks */,
				0F069C61195F102800B9BEB8 /* Foundation.framework in Frameworks */,
			);
			runOnlyForDeploymentPostprocessing = 0;
		};
		0F069C75195F102800B9BEB8 /* Frameworks */ = {
			isa = PBXFrameworksBuildPhase;
			buildActionMask = 2147483647;
			files = (
				0F069C7A195F102800B9BEB8 /* XCTest.framework in Frameworks */,
				0F069C7C195F102800B9BEB8 /* UIKit.framework in Frameworks */,
				0F069C7B195F102800B9BEB8 /* Foundation.framework in Frameworks */,
			);
			runOnlyForDeploymentPostprocessing = 0;
		};
/* End PBXFrameworksBuildPhase section */

/* Begin PBXGroup section */
		0F069C54195F102800B9BEB8 = {
			isa = PBXGroup;
			children = (
				0F069C66195F102800B9BEB8 /* PGAutoLayout */,
				0F069C7F195F102800B9BEB8 /* PGAutoLayoutTests */,
				0F069C5F195F102800B9BEB8 /* Frameworks */,
				0F069C5E195F102800B9BEB8 /* Products */,
			);
			sourceTree = "<group>";
		};
		0F069C5E195F102800B9BEB8 /* Products */ = {
			isa = PBXGroup;
			children = (
				0F069C5D195F102800B9BEB8 /* PGAutoLayout.app */,
				0F069C78195F102800B9BEB8 /* PGAutoLayoutTests.xctest */,
			);
			name = Products;
			sourceTree = "<group>";
		};
		0F069C5F195F102800B9BEB8 /* Frameworks */ = {
			isa = PBXGroup;
			children = (
				0F069C60195F102800B9BEB8 /* Foundation.framework */,
				0F069C62195F102800B9BEB8 /* CoreGraphics.framework */,
				0F069C64195F102800B9BEB8 /* UIKit.framework */,
				0F069C79195F102800B9BEB8 /* XCTest.framework */,
			);
			name = Frameworks;
			sourceTree = "<group>";
		};
		0F069C66195F102800B9BEB8 /* PGAutoLayout */ = {
			isa = PBXGroup;
			children = (
				0F9D4E2E196DAC8500E86866 /* Programmatic */,
				0F069C95195F13E300B9BEB8 /* Xib */,
				0F069C8F195F11C800B9BEB8 /* Storyboard */,
				0F069C6F195F102800B9BEB8 /* PGAppDelegate.h */,
				0F069C70195F102800B9BEB8 /* PGAppDelegate.m */,
				0F069C72195F102800B9BEB8 /* Images.xcassets */,
				0F069C67195F102800B9BEB8 /* Supporting Files */,
			);
			path = PGAutoLayout;
			sourceTree = "<group>";
		};
		0F069C67195F102800B9BEB8 /* Supporting Files */ = {
			isa = PBXGroup;
			children = (
				0F069C68195F102800B9BEB8 /* PGAutoLayout-Info.plist */,
				0F069C69195F102800B9BEB8 /* InfoPlist.strings */,
				0F069C6C195F102800B9BEB8 /* main.m */,
				0F069C6E195F102800B9BEB8 /* PGAutoLayout-Prefix.pch */,
			);
			name = "Supporting Files";
			sourceTree = "<group>";
		};
		0F069C7F195F102800B9BEB8 /* PGAutoLayoutTests */ = {
			isa = PBXGroup;
			children = (
				0F069C85195F102800B9BEB8 /* PGAutoLayoutTests.m */,
				0F069C80195F102800B9BEB8 /* Supporting Files */,
			);
			path = PGAutoLayoutTests;
			sourceTree = "<group>";
		};
		0F069C80195F102800B9BEB8 /* Supporting Files */ = {
			isa = PBXGroup;
			children = (
				0F069C81195F102800B9BEB8 /* PGAutoLayoutTests-Info.plist */,
				0F069C82195F102800B9BEB8 /* InfoPlist.strings */,
			);
			name = "Supporting Files";
			sourceTree = "<group>";
		};
		0F069C8F195F11C800B9BEB8 /* Storyboard */ = {
			isa = PBXGroup;
			children = (
				0F069C90195F11EB00B9BEB8 /* MainLayout.storyboard */,
				0F069C92195F13B000B9BEB8 /* PGMainMenuTableViewController.h */,
				0F069C93195F13B000B9BEB8 /* PGMainMenuTableViewController.m */,
				0F069C96195F1C7E00B9BEB8 /* PGRelativeSBViewController.h */,
				0F069C97195F1C7E00B9BEB8 /* PGRelativeSBViewController.m */,
			);
			name = Storyboard;
			sourceTree = "<group>";
		};
		0F069C95195F13E300B9BEB8 /* Xib */ = {
			isa = PBXGroup;
			children = (
			);
			name = Xib;
			sourceTree = "<group>";
		};
		0F9D4E2E196DAC8500E86866 /* Programmatic */ = {
			isa = PBXGroup;
			children = (
			);
			name = Programmatic;
			sourceTree = "<group>";
		};
/* End PBXGroup section */

/* Begin PBXNativeTarget section */
		0F069C5C195F102800B9BEB8 /* PGAutoLayout */ = {
			isa = PBXNativeTarget;
			buildConfigurationList = 0F069C89195F102800B9BEB8 /* Build configuration list for PBXNativeTarget "PGAutoLayout" */;
			buildPhases = (
				0F069C59195F102800B9BEB8 /* Sources */,
				0F069C5A195F102800B9BEB8 /* Frameworks */,
				0F069C5B195F102800B9BEB8 /* Resources */,
			);
			buildRules = (
			);
			dependencies = (
			);
			name = PGAutoLayout;
			productName = PGAutoLayout;
			productReference = 0F069C5D195F102800B9BEB8 /* PGAutoLayout.app */;
			productType = "com.apple.product-type.application";
		};
		0F069C77195F102800B9BEB8 /* PGAutoLayoutTests */ = {
			isa = PBXNativeTarget;
			buildConfigurationList = 0F069C8C195F102800B9BEB8 /* Build configuration list for PBXNativeTarget "PGAutoLayoutTests" */;
			buildPhases = (
				0F069C74195F102800B9BEB8 /* Sources */,
				0F069C75195F102800B9BEB8 /* Frameworks */,
				0F069C76195F102800B9BEB8 /* Resources */,
			);
			buildRules = (
			);
			dependencies = (
				0F069C7E195F102800B9BEB8 /* PBXTargetDependency */,
			);
			name = PGAutoLayoutTests;
			productName = PGAutoLayoutTests;
			productReference = 0F069C78195F102800B9BEB8 /* PGAutoLayoutTests.xctest */;
			productType = "com.apple.product-type.bundle.unit-test";
		};
/* End PBXNativeTarget section */

/* Begin PBXProject section */
		0F069C55195F102800B9BEB8 /* Project object */ = {
			isa = PBXProject;
			attributes = {
				CLASSPREFIX = PG;
				LastUpgradeCheck = 0510;
				ORGANIZATIONNAME = "PC Nguyen";
				TargetAttributes = {
					0F069C77195F102800B9BEB8 = {
						TestTargetID = 0F069C5C195F102800B9BEB8;
					};
				};
			};
			buildConfigurationList = 0F069C58195F102800B9BEB8 /* Build configuration list for PBXProject "PGAutoLayout" */;
			compatibilityVersion = "Xcode 3.2";
			developmentRegion = English;
			hasScannedForEncodings = 0;
			knownRegions = (
				en,
			);
			mainGroup = 0F069C54195F102800B9BEB8;
			productRefGroup = 0F069C5E195F102800B9BEB8 /* Products */;
			projectDirPath = "";
			projectRoot = "";
			targets = (
				0F069C5C195F102800B9BEB8 /* PGAutoLayout */,
				0F069C77195F102800B9BEB8 /* PGAutoLayoutTests */,
			);
		};
/* End PBXProject section */

/* Begin PBXResourcesBuildPhase section */
		0F069C5B195F102800B9BEB8 /* Resources */ = {
			isa = PBXResourcesBuildPhase;
			buildActionMask = 2147483647;
			files = (
				0F069C6B195F102800B9BEB8 /* InfoPlist.strings in Resources */,
				0F069C73195F102800B9BEB8 /* Images.xcassets in Resources */,
				0F069C91195F11EB00B9BEB8 /* MainLayout.storyboard in Resources */,
			);
			runOnlyForDeploymentPostprocessing = 0;
		};
		0F069C76195F102800B9BEB8 /* Resources */ = {
			isa = PBXResourcesBuildPhase;
			buildActionMask = 2147483647;
			files = (
				0F069C84195F102800B9BEB8 /* InfoPlist.strings in Resources */,
			);
			runOnlyForDeploymentPostprocessing = 0;
		};
/* End PBXResourcesBuildPhase section */

/* Begin PBXSourcesBuildPhase section */
		0F069C59195F102800B9BEB8 /* Sources */ = {
			isa = PBXSourcesBuildPhase;
			buildActionMask = 2147483647;
			files = (
				0F069C94195F13B000B9BEB8 /* PGMainMenuTableViewController.m in Sources */,
				0F069C6D195F102800B9BEB8 /* main.m in Sources */,
				0F069C71195F102800B9BEB8 /* PGAppDelegate.m in Sources */,
				0F069C98195F1C7E00B9BEB8 /* PGRelativeSBViewController.m in Sources */,
			);
			runOnlyForDeploymentPostprocessing = 0;
		};
		0F069C74195F102800B9BEB8 /* Sources */ = {
			isa = PBXSourcesBuildPhase;
			buildActionMask = 2147483647;
			files = (
				0F069C86195F102800B9BEB8 /* PGAutoLayoutTests.m in Sources */,
			);
			runOnlyForDeploymentPostprocessing = 0;
		};
/* End PBXSourcesBuildPhase section */

/* Begin PBXTargetDependency section */
		0F069C7E195F102800B9BEB8 /* PBXTargetDependency */ = {
			isa = PBXTargetDependency;
			target = 0F069C5C195F102800B9BEB8 /* PGAutoLayout */;
			targetProxy = 0F069C7D195F102800B9BEB8 /* PBXContainerItemProxy */;
		};
/* End PBXTargetDependency section */

/* Begin PBXVariantGroup section */
		0F069C69195F102800B9BEB8 /* InfoPlist.strings */ = {
			isa = PBXVariantGroup;
			children = (
				0F069C6A195F102800B9BEB8 /* en */,
			);
			name = InfoPlist.strings;
			sourceTree = "<group>";
		};
		0F069C82195F102800B9BEB8 /* InfoPlist.strings */ = {
			isa = PBXVariantGroup;
			children = (
				0F069C83195F102800B9BEB8 /* en */,
			);
			name = InfoPlist.strings;
			sourceTree = "<group>";
		};
/* End PBXVariantGroup section */

/* Begin XCBuildConfiguration section */
		0F069C87195F102800B9BEB8 /* Debug */ = {
			isa = XCBuildConfiguration;
			buildSettings = {
				ALWAYS_SEARCH_USER_PATHS = NO;
				CLANG_CXX_LANGUAGE_STANDARD = "gnu++0x";
				CLANG_CXX_LIBRARY = "libc++";
				CLANG_ENABLE_MODULES = YES;
				CLANG_ENABLE_OBJC_ARC = YES;
				CLANG_WARN_BOOL_CONVERSION = YES;
				CLANG_WARN_CONSTANT_CONVERSION = YES;
				CLANG_WARN_DIRECT_OBJC_ISA_USAGE = YES_ERROR;
				CLANG_WARN_EMPTY_BODY = YES;
				CLANG_WARN_ENUM_CONVERSION = YES;
				CLANG_WARN_INT_CONVERSION = YES;
				CLANG_WARN_OBJC_ROOT_CLASS = YES_ERROR;
				CLANG_WARN__DUPLICATE_METHOD_MATCH = YES;
				"CODE_SIGN_IDENTITY[sdk=iphoneos*]" = "iPhone Developer";
				COPY_PHASE_STRIP = NO;
				GCC_C_LANGUAGE_STANDARD = gnu99;
				GCC_DYNAMIC_NO_PIC = NO;
				GCC_OPTIMIZATION_LEVEL = 0;
				GCC_PREPROCESSOR_DEFINITIONS = (
					"DEBUG=1",
					"$(inherited)",
				);
				GCC_SYMBOLS_PRIVATE_EXTERN = NO;
				GCC_WARN_64_TO_32_BIT_CONVERSION = YES;
				GCC_WARN_ABOUT_RETURN_TYPE = YES_ERROR;
				GCC_WARN_UNDECLARED_SELECTOR = YES;
				GCC_WARN_UNINITIALIZED_AUTOS = YES_AGGRESSIVE;
				GCC_WARN_UNUSED_FUNCTION = YES;
				GCC_WARN_UNUSED_VARIABLE = YES;
				IPHONEOS_DEPLOYMENT_TARGET = 7.1;
				ONLY_ACTIVE_ARCH = YES;
				SDKROOT = iphoneos;
			};
			name = Debug;
		};
		0F069C88195F102800B9BEB8 /* Release */ = {
			isa = XCBuildConfiguration;
			buildSettings = {
				ALWAYS_SEARCH_USER_PATHS = NO;
				CLANG_CXX_LANGUAGE_STANDARD = "gnu++0x";
				CLANG_CXX_LIBRARY = "libc++";
				CLANG_ENABLE_MODULES = YES;
				CLANG_ENABLE_OBJC_ARC = YES;
				CLANG_WARN_BOOL_CONVERSION = YES;
				CLANG_WARN_CONSTANT_CONVERSION = YES;
				CLANG_WARN_DIRECT_OBJC_ISA_USAGE = YES_ERROR;
				CLANG_WARN_EMPTY_BODY = YES;
				CLANG_WARN_ENUM_CONVERSION = YES;
				CLANG_WARN_INT_CONVERSION = YES;
				CLANG_WARN_OBJC_ROOT_CLASS = YES_ERROR;
				CLANG_WARN__DUPLICATE_METHOD_MATCH = YES;
				"CODE_SIGN_IDENTITY[sdk=iphoneos*]" = "iPhone Developer";
				COPY_PHASE_STRIP = YES;
				ENABLE_NS_ASSERTIONS = NO;
				GCC_C_LANGUAGE_STANDARD = gnu99;
				GCC_WARN_64_TO_32_BIT_CONVERSION = YES;
				GCC_WARN_ABOUT_RETURN_TYPE = YES_ERROR;
				GCC_WARN_UNDECLARED_SELECTOR = YES;
				GCC_WARN_UNINITIALIZED_AUTOS = YES_AGGRESSIVE;
				GCC_WARN_UNUSED_FUNCTION = YES;
				GCC_WARN_UNUSED_VARIABLE = YES;
				IPHONEOS_DEPLOYMENT_TARGET = 7.1;
				SDKROOT = iphoneos;
				VALIDATE_PRODUCT = YES;
			};
			name = Release;
		};
		0F069C8A195F102800B9BEB8 /* Debug */ = {
			isa = XCBuildConfiguration;
			buildSettings = {
				ASSETCATALOG_COMPILER_APPICON_NAME = AppIcon;
				ASSETCATALOG_COMPILER_LAUNCHIMAGE_NAME = LaunchImage;
				GCC_PRECOMPILE_PREFIX_HEADER = YES;
				GCC_PREFIX_HEADER = "PGAutoLayout/PGAutoLayout-Prefix.pch";
				INFOPLIST_FILE = "PGAutoLayout/PGAutoLayout-Info.plist";
				PRODUCT_NAME = "$(TARGET_NAME)";
				WRAPPER_EXTENSION = app;
			};
			name = Debug;
		};
		0F069C8B195F102800B9BEB8 /* Release */ = {
			isa = XCBuildConfiguration;
			buildSettings = {
				ASSETCATALOG_COMPILER_APPICON_NAME = AppIcon;
				ASSETCATALOG_COMPILER_LAUNCHIMAGE_NAME = LaunchImage;
				GCC_PRECOMPILE_PREFIX_HEADER = YES;
				GCC_PREFIX_HEADER = "PGAutoLayout/PGAutoLayout-Prefix.pch";
				INFOPLIST_FILE = "PGAutoLayout/PGAutoLayout-Info.plist";
				PRODUCT_NAME = "$(TARGET_NAME)";
				WRAPPER_EXTENSION = app;
			};
			name = Release;
		};
		0F069C8D195F102800B9BEB8 /* Debug */ = {
			isa = XCBuildConfiguration;
			buildSettings = {
				BUNDLE_LOADER = "$(BUILT_PRODUCTS_DIR)/PGAutoLayout.app/PGAutoLayout";
				FRAMEWORK_SEARCH_PATHS = (
					"$(SDKROOT)/Developer/Library/Frameworks",
					"$(inherited)",
					"$(DEVELOPER_FRAMEWORKS_DIR)",
				);
				GCC_PRECOMPILE_PREFIX_HEADER = YES;
				GCC_PREFIX_HEADER = "PGAutoLayout/PGAutoLayout-Prefix.pch";
				GCC_PREPROCESSOR_DEFINITIONS = (
					"DEBUG=1",
					"$(inherited)",
				);
				INFOPLIST_FILE = "PGAutoLayoutTests/PGAutoLayoutTests-Info.plist";
				PRODUCT_NAME = "$(TARGET_NAME)";
				TEST_HOST = "$(BUNDLE_LOADER)";
				WRAPPER_EXTENSION = xctest;
			};
			name = Debug;
		};
		0F069C8E195F102800B9BEB8 /* Release */ = {
			isa = XCBuildConfiguration;
			buildSettings = {
				BUNDLE_LOADER = "$(BUILT_PRODUCTS_DIR)/PGAutoLayout.app/PGAutoLayout";
				FRAMEWORK_SEARCH_PATHS = (
					"$(SDKROOT)/Developer/Library/Frameworks",
					"$(inherited)",
					"$(DEVELOPER_FRAMEWORKS_DIR)",
				);
				GCC_PRECOMPILE_PREFIX_HEADER = YES;
				GCC_PREFIX_HEADER = "PGAutoLayout/PGAutoLayout-Prefix.pch";
				INFOPLIST_FILE = "PGAutoLayoutTests/PGAutoLayoutTests-Info.plist";
				PRODUCT_NAME = "$(TARGET_NAME)";
				TEST_HOST = "$(BUNDLE_LOADER)";
				WRAPPER_EXTENSION = xctest;
			};
			name = Release;
		};
/* End XCBuildConfiguration section */

/* Begin XCConfigurationList section */
		0F069C58195F102800B9BEB8 /* Build configuration list for PBXProject "PGAutoLayout" */ = {
			isa = XCConfigurationList;
			buildConfigurations = (
				0F069C87195F102800B9BEB8 /* Debug */,
				0F069C88195F102800B9BEB8 /* Release */,
			);
			defaultConfigurationIsVisible = 0;
			defaultConfigurationName = Release;
		};
		0F069C89195F102800B9BEB8 /* Build configuration list for PBXNativeTarget "PGAutoLayout" */ = {
			isa = XCConfigurationList;
			buildConfigurations = (
				0F069C8A195F102800B9BEB8 /* Debug */,
				0F069C8B195F102800B9BEB8 /* Release */,
			);
			defaultConfigurationIsVisible = 0;
			defaultConfigurationName = Release;
		};
		0F069C8C195F102800B9BEB8 /* Build configuration list for PBXNativeTarget "PGAutoLayoutTests" */ = {
			isa = XCConfigurationList;
			buildConfigurations = (
				0F069C8D195F102800B9BEB8 /* Debug */,
				0F069C8E195F102800B9BEB8 /* Release */,
			);
			defaultConfigurationIsVisible = 0;
			defaultConfigurationName = Release;
		};
/* End XCConfigurationList section */
	};
	rootObject = 0F069C55195F102800B9BEB8 /* Project object */;
}
